# Remove old dependencies and package-lock.json
rm -rf node_modules package-lock.json

# Reinstall dependencies and fix vulnerabilities
npm install
npm audit fix --force

# Verify no vulnerabilities remain
npm audit

# Add updated files to Git
git add package-lock.json package.json

# Commit changes with a message
git commit -m "Fixed vulnerabilities and updated dependencies"

# Push changes to the main branch
git push origin main
